
Microsoft Visual Studio Solution File, Format Version 12.00
# Visual Studio Version 17
VisualStudioVersion = 17.8.34330.188
MinimumVisualStudioVersion = 10.0.40219.1
Project("{FAE04EC0-301F-11D3-BF4B-00C04F79EFBC}") = "DegreeConverter", "DegreeConverter\DegreeConverter.csproj", "{6DC96C1C-77C3-44D4-BCC3-912878730121}"
EndProject
Global
	GlobalSection(SolutionConfigurationPlatforms) = preSolution
		Debug|Any CPU = Debug|Any CPU
		Release|Any CPU = Release|Any CPU
	EndGlobalSection
	GlobalSection(ProjectConfigurationPlatforms) = postSolution
		{6DC96C1C-77C3-44D4-BCC3-912878730121}.Debug|Any CPU.ActiveCfg = Debug|Any CPU
		{6DC96C1C-77C3-44D4-BCC3-912878730121}.Debug|Any CPU.Build.0 = Debug|Any CPU
		{6DC96C1C-77C3-44D4-BCC3-912878730121}.Release|Any CPU.ActiveCfg = Release|Any CPU
		{6DC96C1C-77C3-44D4-BCC3-912878730121}.Release|Any CPU.Build.0 = Release|Any CPU
	EndGlobalSection
	GlobalSection(SolutionProperties) = preSolution
		HideSolutionNode = FALSE
	EndGlobalSection
	GlobalSection(ExtensibilityGlobals) = postSolution
		SolutionGuid = {6A98BA5E-2374-44F6-BAF6-7AB9190D8F2C}
	EndGlobalSection
EndGlobal
